
Microsoft Visual Studio Solution File, Format Version 11.00
# Visual Studio 2010
Project("{FAE04EC0-301F-11D3-BF4B-00C04F79EFBC}") = "NVorbis", "NVorbis\NVorbis.csproj", "{17F87208-BB96-4500-8E9A-FE800B67A578}"
EndProject
Project("{FAE04EC0-301F-11D3-BF4B-00C04F79EFBC}") = "NVorvis.Test", "NVorvis.Test\NVorvis.Test.csproj", "{701D9C09-A7DA-45BF-8F79-5CC2129DA1C0}"
EndProject
Project("{2150E333-8FDC-42A3-9474-1A3956D46DE8}") = "Solution Items", "Solution Items", "{A7BA3611-2533-482B-AE2B-AB77DBDB9CB0}"
	ProjectSection(SolutionItems) = preProject
		Local.testsettings = Local.testsettings
		NVorbis.vsmdi = NVorbis.vsmdi
		TraceAndTestImpact.testsettings = TraceAndTestImpact.testsettings
	EndProjectSection
EndProject
Project("{FAE04EC0-301F-11D3-BF4B-00C04F79EFBC}") = "NVorvis.Extra", "NVorvis.Extra\NVorvis.Extra.csproj", "{44A22CBF-64E6-4B21-B87D-264349DB9A11}"
EndProject
Project("{FAE04EC0-301F-11D3-BF4B-00C04F79EFBC}") = "NVorbis.Demo", "NVorbis.Demo\NVorbis.Demo.csproj", "{9EA61DE1-FF90-44E8-AB0A-CAE04936A64B}"
EndProject
Global
	GlobalSection(TestCaseManagementSettings) = postSolution
		CategoryFile = NVorbis.vsmdi
	EndGlobalSection
	GlobalSection(SolutionConfigurationPlatforms) = preSolution
		Debug|Any CPU = Debug|Any CPU
		Debug|Mixed Platforms = Debug|Mixed Platforms
		Debug|x86 = Debug|x86
		Release|Any CPU = Release|Any CPU
		Release|Mixed Platforms = Release|Mixed Platforms
		Release|x86 = Release|x86
	EndGlobalSection
	GlobalSection(ProjectConfigurationPlatforms) = postSolution
		{17F87208-BB96-4500-8E9A-FE800B67A578}.Debug|Any CPU.ActiveCfg = Debug|Any CPU
		{17F87208-BB96-4500-8E9A-FE800B67A578}.Debug|Any CPU.Build.0 = Debug|Any CPU
		{17F87208-BB96-4500-8E9A-FE800B67A578}.Debug|Mixed Platforms.ActiveCfg = Debug|Any CPU
		{17F87208-BB96-4500-8E9A-FE800B67A578}.Debug|Mixed Platforms.Build.0 = Debug|Any CPU
		{17F87208-BB96-4500-8E9A-FE800B67A578}.Debug|x86.ActiveCfg = Debug|Any CPU
		{17F87208-BB96-4500-8E9A-FE800B67A578}.Release|Any CPU.ActiveCfg = Release|Any CPU
		{17F87208-BB96-4500-8E9A-FE800B67A578}.Release|Any CPU.Build.0 = Release|Any CPU
		{17F87208-BB96-4500-8E9A-FE800B67A578}.Release|Mixed Platforms.ActiveCfg = Release|Any CPU
		{17F87208-BB96-4500-8E9A-FE800B67A578}.Release|Mixed Platforms.Build.0 = Release|Any CPU
		{17F87208-BB96-4500-8E9A-FE800B67A578}.Release|x86.ActiveCfg = Release|Any CPU
		{701D9C09-A7DA-45BF-8F79-5CC2129DA1C0}.Debug|Any CPU.ActiveCfg = Debug|Any CPU
		{701D9C09-A7DA-45BF-8F79-5CC2129DA1C0}.Debug|Any CPU.Build.0 = Debug|Any CPU
		{701D9C09-A7DA-45BF-8F79-5CC2129DA1C0}.Debug|Mixed Platforms.ActiveCfg = Debug|Any CPU
		{701D9C09-A7DA-45BF-8F79-5CC2129DA1C0}.Debug|Mixed Platforms.Build.0 = Debug|Any CPU
		{701D9C09-A7DA-45BF-8F79-5CC2129DA1C0}.Debug|x86.ActiveCfg = Debug|Any CPU
		{701D9C09-A7DA-45BF-8F79-5CC2129DA1C0}.Release|Any CPU.ActiveCfg = Release|Any CPU
		{701D9C09-A7DA-45BF-8F79-5CC2129DA1C0}.Release|Any CPU.Build.0 = Release|Any CPU
		{701D9C09-A7DA-45BF-8F79-5CC2129DA1C0}.Release|Mixed Platforms.ActiveCfg = Release|Any CPU
		{701D9C09-A7DA-45BF-8F79-5CC2129DA1C0}.Release|Mixed Platforms.Build.0 = Release|Any CPU
		{701D9C09-A7DA-45BF-8F79-5CC2129DA1C0}.Release|x86.ActiveCfg = Release|Any CPU
		{44A22CBF-64E6-4B21-B87D-264349DB9A11}.Debug|Any CPU.ActiveCfg = Debug|Any CPU
		{44A22CBF-64E6-4B21-B87D-264349DB9A11}.Debug|Any CPU.Build.0 = Debug|Any CPU
		{44A22CBF-64E6-4B21-B87D-264349DB9A11}.Debug|Mixed Platforms.ActiveCfg = Debug|Any CPU
		{44A22CBF-64E6-4B21-B87D-264349DB9A11}.Debug|Mixed Platforms.Build.0 = Debug|Any CPU
		{44A22CBF-64E6-4B21-B87D-264349DB9A11}.Debug|x86.ActiveCfg = Debug|Any CPU
		{44A22CBF-64E6-4B21-B87D-264349DB9A11}.Release|Any CPU.ActiveCfg = Release|Any CPU
		{44A22CBF-64E6-4B21-B87D-264349DB9A11}.Release|Any CPU.Build.0 = Release|Any CPU
		{44A22CBF-64E6-4B21-B87D-264349DB9A11}.Release|Mixed Platforms.ActiveCfg = Release|Any CPU
		{44A22CBF-64E6-4B21-B87D-264349DB9A11}.Release|Mixed Platforms.Build.0 = Release|Any CPU
		{44A22CBF-64E6-4B21-B87D-264349DB9A11}.Release|x86.ActiveCfg = Release|Any CPU
		{9EA61DE1-FF90-44E8-AB0A-CAE04936A64B}.Debug|Any CPU.ActiveCfg = Debug|x86
		{9EA61DE1-FF90-44E8-AB0A-CAE04936A64B}.Debug|Mixed Platforms.ActiveCfg = Debug|x86
		{9EA61DE1-FF90-44E8-AB0A-CAE04936A64B}.Debug|Mixed Platforms.Build.0 = Debug|x86
		{9EA61DE1-FF90-44E8-AB0A-CAE04936A64B}.Debug|x86.ActiveCfg = Debug|x86
		{9EA61DE1-FF90-44E8-AB0A-CAE04936A64B}.Debug|x86.Build.0 = Debug|x86
		{9EA61DE1-FF90-44E8-AB0A-CAE04936A64B}.Release|Any CPU.ActiveCfg = Release|x86
		{9EA61DE1-FF90-44E8-AB0A-CAE04936A64B}.Release|Mixed Platforms.ActiveCfg = Release|x86
		{9EA61DE1-FF90-44E8-AB0A-CAE04936A64B}.Release|Mixed Platforms.Build.0 = Release|x86
		{9EA61DE1-FF90-44E8-AB0A-CAE04936A64B}.Release|x86.ActiveCfg = Release|x86
		{9EA61DE1-FF90-44E8-AB0A-CAE04936A64B}.Release|x86.Build.0 = Release|x86
	EndGlobalSection
	GlobalSection(SolutionProperties) = preSolution
		HideSolutionNode = FALSE
	EndGlobalSection
EndGlobal
